{
  "name": "static-website-with-vuejs",
  "version": "1.0.0",
  "lockfileVersion": 2,
  "requires": true,
  "packages": {
    "": {
      "name": "static-website-with-vuejs",
      "version": "1.0.0",
      "license": "ISC",
      "dependencies": {
        "express-static": "^1.2.6"
      }
    },
    "node_modules/express-static": {
      "version": "1.2.6",
      "resolved": "https://registry.npmjs.org/express-static/-/express-static-1.2.6.tgz",
      "integrity": "sha512-pmp8fSe+bCxGCTk5+X6HzIF2APYMvrAq3Y7sT/WOELc0JZZxJhMTVgCbxcoUgMRBSqnQ9EfTw/Uv3J1ONoIAuA==",
      "dependencies": {
        "mime2": "latest"
      },
      "bin": {
        "express-static": "bin/server.js"
      }
    },
    "node_modules/mime2": {
      "version": "0.0.11",
      "resolved": "https://registry.npmjs.org/mime2/-/mime2-0.0.11.tgz",
      "integrity": "sha512-Ch599Y8U4vUgG9AaQgLEnIdXRRLoZPfjAdWFDLYePBEJS1nsS43H2pzbZn0u8lkbYx+yInuKxLsUEgM3fa9ZLQ=="
    }
  },
  "dependencies": {
    "express-static": {
      "version": "1.2.6",
      "resolved": "https://registry.npmjs.org/express-static/-/express-static-1.2.6.tgz",
      "integrity": "sha512-pmp8fSe+bCxGCTk5+X6HzIF2APYMvrAq3Y7sT/WOELc0JZZxJhMTVgCbxcoUgMRBSqnQ9EfTw/Uv3J1ONoIAuA==",
      "requires": {
        "mime2": "latest"
      }
    },
    "mime2": {
      "version": "0.0.11",
      "resolved": "https://registry.npmjs.org/mime2/-/mime2-0.0.11.tgz",
      "integrity": "sha512-Ch599Y8U4vUgG9AaQgLEnIdXRRLoZPfjAdWFDLYePBEJS1nsS43H2pzbZn0u8lkbYx+yInuKxLsUEgM3fa9ZLQ=="
    }
  }
}
